
Microsoft Visual Studio Solution File, Format Version 12.00
# Visual Studio 14
VisualStudioVersion = 14.0.25420.1
MinimumVisualStudioVersion = 10.0.40219.1
Project("{FAE04EC0-301F-11D3-BF4B-00C04F79EFBC}") = "Iridium-Script", "Iridium-Script\Iridium-Script.csproj", "{3083A725-1D92-4789-B51D-B6756137D44A}"
EndProject
Project("{FAE04EC0-301F-11D3-BF4B-00C04F79EFBC}") = "Iridium-Script-Test", "Iridium-Script-Test\Iridium-Script-Test.csproj", "{156D6BC9-84AE-4402-9D99-CA604DC4235E}"
EndProject
Global
	GlobalSection(SolutionConfigurationPlatforms) = preSolution
		Debug|Any CPU = Debug|Any CPU
		Release|Any CPU = Release|Any CPU
	EndGlobalSection
	GlobalSection(ProjectConfigurationPlatforms) = postSolution
		{3083A725-1D92-4789-B51D-B6756137D44A}.Debug|Any CPU.ActiveCfg = Debug|Any CPU
		{3083A725-1D92-4789-B51D-B6756137D44A}.Debug|Any CPU.Build.0 = Debug|Any CPU
		{3083A725-1D92-4789-B51D-B6756137D44A}.Release|Any CPU.ActiveCfg = Release|Any CPU
		{3083A725-1D92-4789-B51D-B6756137D44A}.Release|Any CPU.Build.0 = Release|Any CPU
		{156D6BC9-84AE-4402-9D99-CA604DC4235E}.Debug|Any CPU.ActiveCfg = Debug|Any CPU
		{156D6BC9-84AE-4402-9D99-CA604DC4235E}.Debug|Any CPU.Build.0 = Debug|Any CPU
		{156D6BC9-84AE-4402-9D99-CA604DC4235E}.Release|Any CPU.ActiveCfg = Release|Any CPU
		{156D6BC9-84AE-4402-9D99-CA604DC4235E}.Release|Any CPU.Build.0 = Release|Any CPU
	EndGlobalSection
	GlobalSection(SolutionProperties) = preSolution
		HideSolutionNode = FALSE
	EndGlobalSection
EndGlobal
